// !$*UTF8*$!
{
	archiveVersion = 1;
	classes = {
	};
	objectVersion = 50;
	objects = {

/* Begin PBXBuildFile section */
		9ABFECA82546853B0068EBC7 /* ListModel.swift in Sources */ = {isa = PBXBuildFile; fileRef = 9ABFECA72546853B0068EBC7 /* ListModel.swift */; };
		9ABFECAB2546ADC50068EBC7 /* ListCRDT.swift in Sources */ = {isa = PBXBuildFile; fileRef = 9ABFECAA2546ADC50068EBC7 /* ListCRDT.swift */; };
		9ABFECAE2546ADFA0068EBC7 /* StorageLayer.swift in Sources */ = {isa = PBXBuildFile; fileRef = 9ABFECAD2546ADFA0068EBC7 /* StorageLayer.swift */; };
		9AE890822541478500E28A0F /* AppDelegate.swift in Sources */ = {isa = PBXBuildFile; fileRef = 9AE890812541478500E28A0F /* AppDelegate.swift */; };
		9AE890842541478500E28A0F /* SceneDelegate.swift in Sources */ = {isa = PBXBuildFile; fileRef = 9AE890832541478500E28A0F /* SceneDelegate.swift */; };
		9AE890862541478500E28A0F /* ContentView.swift in Sources */ = {isa = PBXBuildFile; fileRef = 9AE890852541478500E28A0F /* ContentView.swift */; };
		9AE890882541478700E28A0F /* Assets.xcassets in Resources */ = {isa = PBXBuildFile; fileRef = 9AE890872541478700E28A0F /* Assets.xcassets */; };
		9AE8908E2541478700E28A0F /* LaunchScreen.storyboard in Resources */ = {isa = PBXBuildFile; fileRef = 9AE8908C2541478700E28A0F /* LaunchScreen.storyboard */; };
		9AE890B7254149AE00E28A0F /* CloudKit.framework in Frameworks */ = {isa = PBXBuildFile; fileRef = 9AE890B6254149AE00E28A0F /* CloudKit.framework */; };
/* End PBXBuildFile section */

/* Begin PBXFileReference section */
		9ABFECA72546853B0068EBC7 /* ListModel.swift */ = {isa = PBXFileReference; lastKnownFileType = sourcecode.swift; path = ListModel.swift; sourceTree = "<group>"; };
		9ABFECAA2546ADC50068EBC7 /* ListCRDT.swift */ = {isa = PBXFileReference; lastKnownFileType = sourcecode.swift; path = ListCRDT.swift; sourceTree = "<group>"; };
		9ABFECAD2546ADFA0068EBC7 /* StorageLayer.swift */ = {isa = PBXFileReference; lastKnownFileType = sourcecode.swift; path = StorageLayer.swift; sourceTree = "<group>"; };
		9AE8907E2541478500E28A0F /* LMSLearnCloudKit.app */ = {isa = PBXFileReference; explicitFileType = wrapper.application; includeInIndex = 0; path = LMSLearnCloudKit.app; sourceTree = BUILT_PRODUCTS_DIR; };
		9AE890812541478500E28A0F /* AppDelegate.swift */ = {isa = PBXFileReference; lastKnownFileType = sourcecode.swift; path = AppDelegate.swift; sourceTree = "<group>"; };
		9AE890832541478500E28A0F /* SceneDelegate.swift */ = {isa = PBXFileReference; lastKnownFileType = sourcecode.swift; path = SceneDelegate.swift; sourceTree = "<group>"; };
		9AE890852541478500E28A0F /* ContentView.swift */ = {isa = PBXFileReference; lastKnownFileType = sourcecode.swift; path = ContentView.swift; sourceTree = "<group>"; };
		9AE890872541478700E28A0F /* Assets.xcassets */ = {isa = PBXFileReference; lastKnownFileType = folder.assetcatalog; path = Assets.xcassets; sourceTree = "<group>"; };
		9AE8908D2541478700E28A0F /* Base */ = {isa = PBXFileReference; lastKnownFileType = file.storyboard; name = Base; path = Base.lproj/LaunchScreen.storyboard; sourceTree = "<group>"; };
		9AE8908F2541478700E28A0F /* Info.plist */ = {isa = PBXFileReference; lastKnownFileType = text.plist.xml; path = Info.plist; sourceTree = "<group>"; };
		9AE890B4254149AB00E28A0F /* LMSLearnCloudKit.entitlements */ = {isa = PBXFileReference; lastKnownFileType = text.plist.entitlements; path = LMSLearnCloudKit.entitlements; sourceTree = "<group>"; };
		9AE890B6254149AE00E28A0F /* CloudKit.framework */ = {isa = PBXFileReference; lastKnownFileType = wrapper.framework; name = CloudKit.framework; path = System/Library/Frameworks/CloudKit.framework; sourceTree = SDKROOT; };
/* End PBXFileReference section */

/* Begin PBXFrameworksBuildPhase section */
		9AE8907B2541478500E28A0F /* Frameworks */ = {
			isa = PBXFrameworksBuildPhase;
			buildActionMask = 2147483647;
			files = (
				9AE890B7254149AE00E28A0F /* CloudKit.framework in Frameworks */,
			);
			runOnlyForDeploymentPostprocessing = 0;
		};
/* End PBXFrameworksBuildPhase section */

/* Begin PBXGroup section */
		9ABFECA62546852E0068EBC7 /* Sources */ = {
			isa = PBXGroup;
			children = (
				9ABFECA72546853B0068EBC7 /* ListModel.swift */,
				9ABFECAA2546ADC50068EBC7 /* ListCRDT.swift */,
				9ABFECAD2546ADFA0068EBC7 /* StorageLayer.swift */,
			);
			path = Sources;
			sourceTree = "<group>";
		};
		9AE890752541478500E28A0F = {
			isa = PBXGroup;
			children = (
				9AE890802541478500E28A0F /* LMSLearnCloudKit */,
				9AE8907F2541478500E28A0F /* Products */,
				9AE890B5254149AE00E28A0F /* Frameworks */,
			);
			sourceTree = "<group>";
		};
		9AE8907F2541478500E28A0F /* Products */ = {
			isa = PBXGroup;
			children = (
				9AE8907E2541478500E28A0F /* LMSLearnCloudKit.app */,
			);
			name = Products;
			sourceTree = "<group>";
		};
		9AE890802541478500E28A0F /* LMSLearnCloudKit */ = {
			isa = PBXGroup;
			children = (
				9ABFECA62546852E0068EBC7 /* Sources */,
				9AE890B4254149AB00E28A0F /* LMSLearnCloudKit.entitlements */,
				9AE890812541478500E28A0F /* AppDelegate.swift */,
				9AE890832541478500E28A0F /* SceneDelegate.swift */,
				9AE890852541478500E28A0F /* ContentView.swift */,
				9AE890872541478700E28A0F /* Assets.xcassets */,
				9AE8908C2541478700E28A0F /* LaunchScreen.storyboard */,
				9AE8908F2541478700E28A0F /* Info.plist */,
			);
			path = LMSLearnCloudKit;
			sourceTree = "<group>";
		};
		9AE890B5254149AE00E28A0F /* Frameworks */ = {
			isa = PBXGroup;
			children = (
				9AE890B6254149AE00E28A0F /* CloudKit.framework */,
			);
			name = Frameworks;
			sourceTree = "<group>";
		};
/* End PBXGroup section */

/* Begin PBXNativeTarget section */
		9AE8907D2541478500E28A0F /* LMSLearnCloudKit */ = {
			isa = PBXNativeTarget;
			buildConfigurationList = 9AE890A82541478700E28A0F /* Build configuration list for PBXNativeTarget "LMSLearnCloudKit" */;
			buildPhases = (
				9AE8907A2541478500E28A0F /* Sources */,
				9AE8907B2541478500E28A0F /* Frameworks */,
				9AE8907C2541478500E28A0F /* Resources */,
			);
			buildRules = (
			);
			dependencies = (
			);
			name = LMSLearnCloudKit;
			productName = LMSLearnCloudKit;
			productReference = 9AE8907E2541478500E28A0F /* LMSLearnCloudKit.app */;
			productType = "com.apple.product-type.application";
		};
/* End PBXNativeTarget section */

/* Begin PBXProject section */
		9AE890762541478500E28A0F /* Project object */ = {
			isa = PBXProject;
			attributes = {
				LastSwiftUpdateCheck = 1220;
				LastUpgradeCheck = 1220;
				TargetAttributes = {
					9AE8907D2541478500E28A0F = {
						CreatedOnToolsVersion = 12.2;
					};
				};
			};
			buildConfigurationList = 9AE890792541478500E28A0F /* Build configuration list for PBXProject "LMSLearnCloudKit" */;
			compatibilityVersion = "Xcode 9.3";
			developmentRegion = en;
			hasScannedForEncodings = 0;
			knownRegions = (
				en,
				Base,
			);
			mainGroup = 9AE890752541478500E28A0F;
			productRefGroup = 9AE8907F2541478500E28A0F /* Products */;
			projectDirPath = "";
			projectRoot = "";
			targets = (
				9AE8907D2541478500E28A0F /* LMSLearnCloudKit */,
			);
		};
/* End PBXProject section */

/* Begin PBXResourcesBuildPhase section */
		9AE8907C2541478500E28A0F /* Resources */ = {
			isa = PBXResourcesBuildPhase;
			buildActionMask = 2147483647;
			files = (
				9AE8908E2541478700E28A0F /* LaunchScreen.storyboard in Resources */,
				9AE890882541478700E28A0F /* Assets.xcassets in Resources */,
			);
			runOnlyForDeploymentPostprocessing = 0;
		};
/* End PBXResourcesBuildPhase section */

/* Begin PBXSourcesBuildPhase section */
		9AE8907A2541478500E28A0F /* Sources */ = {
			isa = PBXSourcesBuildPhase;
			buildActionMask = 2147483647;
			files = (
				9AE890822541478500E28A0F /* AppDelegate.swift in Sources */,
				9AE890842541478500E28A0F /* SceneDelegate.swift in Sources */,
				9AE890862541478500E28A0F /* ContentView.swift in Sources */,
				9ABFECAE2546ADFA0068EBC7 /* StorageLayer.swift in Sources */,
				9ABFECAB2546ADC50068EBC7 /* ListCRDT.swift in Sources */,
				9ABFECA82546853B0068EBC7 /* ListModel.swift in Sources */,
			);
			runOnlyForDeploymentPostprocessing = 0;
		};
/* End PBXSourcesBuildPhase section */

/* Begin PBXVariantGroup section */
		9AE8908C2541478700E28A0F /* LaunchScreen.storyboard */ = {
			isa = PBXVariantGroup;
			children = (
				9AE8908D2541478700E28A0F /* Base */,
			);
			name = LaunchScreen.storyboard;
			sourceTree = "<group>";
		};
/* End PBXVariantGroup section */

/* Begin XCBuildConfiguration section */
		9AE890A62541478700E28A0F /* Debug */ = {
			isa = XCBuildConfiguration;
			buildSettings = {
				ALWAYS_SEARCH_USER_PATHS = NO;
				CLANG_ANALYZER_NONNULL = YES;
				CLANG_ANALYZER_NUMBER_OBJECT_CONVERSION = YES_AGGRESSIVE;
				CLANG_CXX_LANGUAGE_STANDARD = "gnu++14";
				CLANG_CXX_LIBRARY = "libc++";
				CLANG_ENABLE_MODULES = YES;
				CLANG_ENABLE_OBJC_ARC = YES;
				CLANG_ENABLE_OBJC_WEAK = YES;
				CLANG_WARN_BLOCK_CAPTURE_AUTORELEASING = YES;
				CLANG_WARN_BOOL_CONVERSION = YES;
				CLANG_WARN_COMMA = YES;
				CLANG_WARN_CONSTANT_CONVERSION = YES;
				CLANG_WARN_DEPRECATED_OBJC_IMPLEMENTATIONS = YES;
				CLANG_WARN_DIRECT_OBJC_ISA_USAGE = YES_ERROR;
				CLANG_WARN_DOCUMENTATION_COMMENTS = YES;
				CLANG_WARN_EMPTY_BODY = YES;
				CLANG_WARN_ENUM_CONVERSION = YES;
				CLANG_WARN_INFINITE_RECURSION = YES;
				CLANG_WARN_INT_CONVERSION = YES;
				CLANG_WARN_NON_LITERAL_NULL_CONVERSION = YES;
				CLANG_WARN_OBJC_IMPLICIT_RETAIN_SELF = YES;
				CLANG_WARN_OBJC_LITERAL_CONVERSION = YES;
				CLANG_WARN_OBJC_ROOT_CLASS = YES_ERROR;
				CLANG_WARN_QUOTED_INCLUDE_IN_FRAMEWORK_HEADER = YES;
				CLANG_WARN_RANGE_LOOP_ANALYSIS = YES;
				CLANG_WARN_STRICT_PROTOTYPES = YES;
				CLANG_WARN_SUSPICIOUS_MOVE = YES;
				CLANG_WARN_UNGUARDED_AVAILABILITY = YES_AGGRESSIVE;
				CLANG_WARN_UNREACHABLE_CODE = YES;
				CLANG_WARN__DUPLICATE_METHOD_MATCH = YES;
				COPY_PHASE_STRIP = NO;
				DEBUG_INFORMATION_FORMAT = dwarf;
				ENABLE_STRICT_OBJC_MSGSEND = YES;
				ENABLE_TESTABILITY = YES;
				GCC_C_LANGUAGE_STANDARD = gnu11;
				GCC_DYNAMIC_NO_PIC = NO;
				GCC_NO_COMMON_BLOCKS = YES;
				GCC_OPTIMIZATION_LEVEL = 0;
				GCC_PREPROCESSOR_DEFINITIONS = (
					"DEBUG=1",
					"$(inherited)",
				);
				GCC_WARN_64_TO_32_BIT_CONVERSION = YES;
				GCC_WARN_ABOUT_RETURN_TYPE = YES_ERROR;
				GCC_WARN_UNDECLARED_SELECTOR = YES;
				GCC_WARN_UNINITIALIZED_AUTOS = YES_AGGRESSIVE;
				GCC_WARN_UNUSED_FUNCTION = YES;
				GCC_WARN_UNUSED_VARIABLE = YES;
				IPHONEOS_DEPLOYMENT_TARGET = 14.2;
				MTL_ENABLE_DEBUG_INFO = INCLUDE_SOURCE;
				MTL_FAST_MATH = YES;
				ONLY_ACTIVE_ARCH = YES;
				SDKROOT = iphoneos;
				SWIFT_ACTIVE_COMPILATION_CONDITIONS = DEBUG;
				SWIFT_OPTIMIZATION_LEVEL = "-Onone";
			};
			name = Debug;
		};
		9AE890A72541478700E28A0F /* Release */ = {
			isa = XCBuildConfiguration;
			buildSettings = {
				ALWAYS_SEARCH_USER_PATHS = NO;
				CLANG_ANALYZER_NONNULL = YES;
				CLANG_ANALYZER_NUMBER_OBJECT_CONVERSION = YES_AGGRESSIVE;
				CLANG_CXX_LANGUAGE_STANDARD = "gnu++14";
				CLANG_CXX_LIBRARY = "libc++";
				CLANG_ENABLE_MODULES = YES;
				CLANG_ENABLE_OBJC_ARC = YES;
				CLANG_ENABLE_OBJC_WEAK = YES;
				CLANG_WARN_BLOCK_CAPTURE_AUTORELEASING = YES;
				CLANG_WARN_BOOL_CONVERSION = YES;
				CLANG_WARN_COMMA = YES;
				CLANG_WARN_CONSTANT_CONVERSION = YES;
				CLANG_WARN_DEPRECATED_OBJC_IMPLEMENTATIONS = YES;
				CLANG_WARN_DIRECT_OBJC_ISA_USAGE = YES_ERROR;
				CLANG_WARN_DOCUMENTATION_COMMENTS = YES;
				CLANG_WARN_EMPTY_BODY = YES;
				CLANG_WARN_ENUM_CONVERSION = YES;
				CLANG_WARN_INFINITE_RECURSION = YES;
				CLANG_WARN_INT_CONVERSION = YES;
				CLANG_WARN_NON_LITERAL_NULL_CONVERSION = YES;
				CLANG_WARN_OBJC_IMPLICIT_RETAIN_SELF = YES;
				CLANG_WARN_OBJC_LITERAL_CONVERSION = YES;
				CLANG_WARN_OBJC_ROOT_CLASS = YES_ERROR;
				CLANG_WARN_QUOTED_INCLUDE_IN_FRAMEWORK_HEADER = YES;
				CLANG_WARN_RANGE_LOOP_ANALYSIS = YES;
				CLANG_WARN_STRICT_PROTOTYPES = YES;
				CLANG_WARN_SUSPICIOUS_MOVE = YES;
				CLANG_WARN_UNGUARDED_AVAILABILITY = YES_AGGRESSIVE;
				CLANG_WARN_UNREACHABLE_CODE = YES;
				CLANG_WARN__DUPLICATE_METHOD_MATCH = YES;
				COPY_PHASE_STRIP = NO;
				DEBUG_INFORMATION_FORMAT = "dwarf-with-dsym";
				ENABLE_NS_ASSERTIONS = NO;
				ENABLE_STRICT_OBJC_MSGSEND = YES;
				GCC_C_LANGUAGE_STANDARD = gnu11;
				GCC_NO_COMMON_BLOCKS = YES;
				GCC_WARN_64_TO_32_BIT_CONVERSION = YES;
				GCC_WARN_ABOUT_RETURN_TYPE = YES_ERROR;
				GCC_WARN_UNDECLARED_SELECTOR = YES;
				GCC_WARN_UNINITIALIZED_AUTOS = YES_AGGRESSIVE;
				GCC_WARN_UNUSED_FUNCTION = YES;
				GCC_WARN_UNUSED_VARIABLE = YES;
				IPHONEOS_DEPLOYMENT_TARGET = 14.2;
				MTL_ENABLE_DEBUG_INFO = NO;
				MTL_FAST_MATH = YES;
				SDKROOT = iphoneos;
				SWIFT_COMPILATION_MODE = wholemodule;
				SWIFT_OPTIMIZATION_LEVEL = "-O";
				VALIDATE_PRODUCT = YES;
			};
			name = Release;
		};
		9AE890A92541478700E28A0F /* Debug */ = {
			isa = XCBuildConfiguration;
			buildSettings = {
				ASSETCATALOG_COMPILER_APPICON_NAME = AppIcon;
				ASSETCATALOG_COMPILER_GLOBAL_ACCENT_COLOR_NAME = AccentColor;
				CODE_SIGN_ENTITLEMENTS = LMSLearnCloudKit/LMSLearnCloudKit.entitlements;
				CODE_SIGN_STYLE = Automatic;
				DEVELOPMENT_ASSET_PATHS = "";
				DEVELOPMENT_TEAM = 4L3527X2E5;
				ENABLE_PREVIEWS = YES;
				INFOPLIST_FILE = LMSLearnCloudKit/Info.plist;
				IPHONEOS_DEPLOYMENT_TARGET = 14.0;
				LD_RUNPATH_SEARCH_PATHS = (
					"$(inherited)",
					"@executable_path/Frameworks",
				);
				PRODUCT_BUNDLE_IDENTIFIER = tech.xnzg.LMSLearnCloudKit;
				PRODUCT_NAME = "$(TARGET_NAME)";
				SWIFT_VERSION = 5.0;
				TARGETED_DEVICE_FAMILY = "1,2";
			};
			name = Debug;
		};
		9AE890AA2541478700E28A0F /* Release */ = {
			isa = XCBuildConfiguration;
			buildSettings = {
				ASSETCATALOG_COMPILER_APPICON_NAME = AppIcon;
				ASSETCATALOG_COMPILER_GLOBAL_ACCENT_COLOR_NAME = AccentColor;
				CODE_SIGN_ENTITLEMENTS = LMSLearnCloudKit/LMSLearnCloudKit.entitlements;
				CODE_SIGN_STYLE = Automatic;
				DEVELOPMENT_ASSET_PATHS = "";
				DEVELOPMENT_TEAM = 4L3527X2E5;
				ENABLE_PREVIEWS = YES;
				INFOPLIST_FILE = LMSLearnCloudKit/Info.plist;
				IPHONEOS_DEPLOYMENT_TARGET = 14.0;
				LD_RUNPATH_SEARCH_PATHS = (
					"$(inherited)",
					"@executable_path/Frameworks",
				);
				PRODUCT_BUNDLE_IDENTIFIER = tech.xnzg.LMSLearnCloudKit;
				PRODUCT_NAME = "$(TARGET_NAME)";
				SWIFT_VERSION = 5.0;
				TARGETED_DEVICE_FAMILY = "1,2";
			};
			name = Release;
		};
/* End XCBuildConfiguration section */

/* Begin XCConfigurationList section */
		9AE890792541478500E28A0F /* Build configuration list for PBXProject "LMSLearnCloudKit" */ = {
			isa = XCConfigurationList;
			buildConfigurations = (
				9AE890A62541478700E28A0F /* Debug */,
				9AE890A72541478700E28A0F /* Release */,
			);
			defaultConfigurationIsVisible = 0;
			defaultConfigurationName = Release;
		};
		9AE890A82541478700E28A0F /* Build configuration list for PBXNativeTarget "LMSLearnCloudKit" */ = {
			isa = XCConfigurationList;
			buildConfigurations = (
				9AE890A92541478700E28A0F /* Debug */,
				9AE890AA2541478700E28A0F /* Release */,
			);
			defaultConfigurationIsVisible = 0;
			defaultConfigurationName = Release;
		};
/* End XCConfigurationList section */
	};
	rootObject = 9AE890762541478500E28A0F /* Project object */;
}
